// !$*UTF8*$!
{
	archiveVersion = 1;
	classes = {
	};
	objectVersion = 46;
	objects = {

/* Begin PBXBuildFile section */
		30AA07411A48A6E000CE044C /* AppDelegate.swift in Sources */ = {isa = PBXBuildFile; fileRef = 30AA07401A48A6E000CE044C /* AppDelegate.swift */; };
		30AA07431A48A6E000CE044C /* ViewController.swift in Sources */ = {isa = PBXBuildFile; fileRef = 30AA07421A48A6E000CE044C /* ViewController.swift */; };
		30AA07461A48A6E000CE044C /* Main.storyboard in Resources */ = {isa = PBXBuildFile; fileRef = 30AA07441A48A6E000CE044C /* Main.storyboard */; };
		30AA07481A48A6E000CE044C /* Images.xcassets in Resources */ = {isa = PBXBuildFile; fileRef = 30AA07471A48A6E000CE044C /* Images.xcassets */; };
		30AA074B1A48A6E000CE044C /* LaunchScreen.xib in Resources */ = {isa = PBXBuildFile; fileRef = 30AA07491A48A6E000CE044C /* LaunchScreen.xib */; };
		30AA07571A48A6E000CE044C /* BullsEyeTests.swift in Sources */ = {isa = PBXBuildFile; fileRef = 30AA07561A48A6E000CE044C /* BullsEyeTests.swift */; };
/* End PBXBuildFile section */

/* Begin PBXContainerItemProxy section */
		30AA07511A48A6E000CE044C /* PBXContainerItemProxy */ = {
			isa = PBXContainerItemProxy;
			containerPortal = 30AA07331A48A6E000CE044C /* Project object */;
			proxyType = 1;
			remoteGlobalIDString = 30AA073A1A48A6E000CE044C;
			remoteInfo = BullsEye;
		};
/* End PBXContainerItemProxy section */

/* Begin PBXFileReference section */
		30AA073B1A48A6E000CE044C /* BullsEye.app */ = {isa = PBXFileReference; explicitFileType = wrapper.application; includeInIndex = 0; path = BullsEye.app; sourceTree = BUILT_PRODUCTS_DIR; };
		30AA073F1A48A6E000CE044C /* Info.plist */ = {isa = PBXFileReference; lastKnownFileType = text.plist.xml; path = Info.plist; sourceTree = "<group>"; };
		30AA07401A48A6E000CE044C /* AppDelegate.swift */ = {isa = PBXFileReference; lastKnownFileType = sourcecode.swift; path = AppDelegate.swift; sourceTree = "<group>"; };
		30AA07421A48A6E000CE044C /* ViewController.swift */ = {isa = PBXFileReference; lastKnownFileType = sourcecode.swift; path = ViewController.swift; sourceTree = "<group>"; };
		30AA07451A48A6E000CE044C /* Base */ = {isa = PBXFileReference; lastKnownFileType = file.storyboard; name = Base; path = Base.lproj/Main.storyboard; sourceTree = "<group>"; };
		30AA07471A48A6E000CE044C /* Images.xcassets */ = {isa = PBXFileReference; lastKnownFileType = folder.assetcatalog; path = Images.xcassets; sourceTree = "<group>"; };
		30AA074A1A48A6E000CE044C /* Base */ = {isa = PBXFileReference; lastKnownFileType = file.xib; name = Base; path = Base.lproj/LaunchScreen.xib; sourceTree = "<group>"; };
		30AA07501A48A6E000CE044C /* BullsEyeTests.xctest */ = {isa = PBXFileReference; explicitFileType = wrapper.cfbundle; includeInIndex = 0; path = BullsEyeTests.xctest; sourceTree = BUILT_PRODUCTS_DIR; };
		30AA07551A48A6E000CE044C /* Info.plist */ = {isa = PBXFileReference; lastKnownFileType = text.plist.xml; path = Info.plist; sourceTree = "<group>"; };
		30AA07561A48A6E000CE044C /* BullsEyeTests.swift */ = {isa = PBXFileReference; lastKnownFileType = sourcecode.swift; path = BullsEyeTests.swift; sourceTree = "<group>"; };
/* End PBXFileReference section */

/* Begin PBXFrameworksBuildPhase section */
		30AA07381A48A6E000CE044C /* Frameworks */ = {
			isa = PBXFrameworksBuildPhase;
			buildActionMask = 2147483647;
			files = (
			);
			runOnlyForDeploymentPostprocessing = 0;
		};
		30AA074D1A48A6E000CE044C /* Frameworks */ = {
			isa = PBXFrameworksBuildPhase;
			buildActionMask = 2147483647;
			files = (
			);
			runOnlyForDeploymentPostprocessing = 0;
		};
/* End PBXFrameworksBuildPhase section */

/* Begin PBXGroup section */
		30AA07321A48A6E000CE044C = {
			isa = PBXGroup;
			children = (
				30AA073D1A48A6E000CE044C /* BullsEye */,
				30AA07531A48A6E000CE044C /* BullsEyeTests */,
				30AA073C1A48A6E000CE044C /* Products */,
			);
			sourceTree = "<group>";
		};
		30AA073C1A48A6E000CE044C /* Products */ = {
			isa = PBXGroup;
			children = (
				30AA073B1A48A6E000CE044C /* BullsEye.app */,
				30AA07501A48A6E000CE044C /* BullsEyeTests.xctest */,
			);
			name = Products;
			sourceTree = "<group>";
		};
		30AA073D1A48A6E000CE044C /* BullsEye */ = {
			isa = PBXGroup;
			children = (
				30AA07401A48A6E000CE044C /* AppDelegate.swift */,
				30AA07421A48A6E000CE044C /* ViewController.swift */,
				30AA07441A48A6E000CE044C /* Main.storyboard */,
				30AA07471A48A6E000CE044C /* Images.xcassets */,
				30AA07491A48A6E000CE044C /* LaunchScreen.xib */,
				30AA073E1A48A6E000CE044C /* Supporting Files */,
			);
			path = BullsEye;
			sourceTree = "<group>";
		};
		30AA073E1A48A6E000CE044C /* Supporting Files */ = {
			isa = PBXGroup;
			children = (
				30AA073F1A48A6E000CE044C /* Info.plist */,
			);
			name = "Supporting Files";
			sourceTree = "<group>";
		};
		30AA07531A48A6E000CE044C /* BullsEyeTests */ = {
			isa = PBXGroup;
			children = (
				30AA07561A48A6E000CE044C /* BullsEyeTests.swift */,
				30AA07541A48A6E000CE044C /* Supporting Files */,
			);
			path = BullsEyeTests;
			sourceTree = "<group>";
		};
		30AA07541A48A6E000CE044C /* Supporting Files */ = {
			isa = PBXGroup;
			children = (
				30AA07551A48A6E000CE044C /* Info.plist */,
			);
			name = "Supporting Files";
			sourceTree = "<group>";
		};
/* End PBXGroup section */

/* Begin PBXNativeTarget section */
		30AA073A1A48A6E000CE044C /* BullsEye */ = {
			isa = PBXNativeTarget;
			buildConfigurationList = 30AA075A1A48A6E000CE044C /* Build configuration list for PBXNativeTarget "BullsEye" */;
			buildPhases = (
				30AA07371A48A6E000CE044C /* Sources */,
				30AA07381A48A6E000CE044C /* Frameworks */,
				30AA07391A48A6E000CE044C /* Resources */,
			);
			buildRules = (
			);
			dependencies = (
			);
			name = BullsEye;
			productName = BullsEye;
			productReference = 30AA073B1A48A6E000CE044C /* BullsEye.app */;
			productType = "com.apple.product-type.application";
		};
		30AA074F1A48A6E000CE044C /* BullsEyeTests */ = {
			isa = PBXNativeTarget;
			buildConfigurationList = 30AA075D1A48A6E000CE044C /* Build configuration list for PBXNativeTarget "BullsEyeTests" */;
			buildPhases = (
				30AA074C1A48A6E000CE044C /* Sources */,
				30AA074D1A48A6E000CE044C /* Frameworks */,
				30AA074E1A48A6E000CE044C /* Resources */,
			);
			buildRules = (
			);
			dependencies = (
				30AA07521A48A6E000CE044C /* PBXTargetDependency */,
			);
			name = BullsEyeTests;
			productName = BullsEyeTests;
			productReference = 30AA07501A48A6E000CE044C /* BullsEyeTests.xctest */;
			productType = "com.apple.product-type.bundle.unit-test";
		};
/* End PBXNativeTarget section */

/* Begin PBXProject section */
		30AA07331A48A6E000CE044C /* Project object */ = {
			isa = PBXProject;
			attributes = {
				LastUpgradeCheck = 0610;
				ORGANIZATIONNAME = Treehouse;
				TargetAttributes = {
					30AA073A1A48A6E000CE044C = {
						CreatedOnToolsVersion = 6.1;
					};
					30AA074F1A48A6E000CE044C = {
						CreatedOnToolsVersion = 6.1;
						TestTargetID = 30AA073A1A48A6E000CE044C;
					};
				};
			};
			buildConfigurationList = 30AA07361A48A6E000CE044C /* Build configuration list for PBXProject "BullsEye" */;
			compatibilityVersion = "Xcode 3.2";
			developmentRegion = English;
			hasScannedForEncodings = 0;
			knownRegions = (
				en,
				Base,
			);
			mainGroup = 30AA07321A48A6E000CE044C;
			productRefGroup = 30AA073C1A48A6E000CE044C /* Products */;
			projectDirPath = "";
			projectRoot = "";
			targets = (
				30AA073A1A48A6E000CE044C /* BullsEye */,
				30AA074F1A48A6E000CE044C /* BullsEyeTests */,
			);
		};
/* End PBXProject section */

/* Begin PBXResourcesBuildPhase section */
		30AA07391A48A6E000CE044C /* Resources */ = {
			isa = PBXResourcesBuildPhase;
			buildActionMask = 2147483647;
			files = (
				30AA07461A48A6E000CE044C /* Main.storyboard in Resources */,
				30AA074B1A48A6E000CE044C /* LaunchScreen.xib in Resources */,
				30AA07481A48A6E000CE044C /* Images.xcassets in Resources */,
			);
			runOnlyForDeploymentPostprocessing = 0;
		};
		30AA074E1A48A6E000CE044C /* Resources */ = {
			isa = PBXResourcesBuildPhase;
			buildActionMask = 2147483647;
			files = (
			);
			runOnlyForDeploymentPostprocessing = 0;
		};
/* End PBXResourcesBuildPhase section */

/* Begin PBXSourcesBuildPhase section */
		30AA07371A48A6E000CE044C /* Sources */ = {
			isa = PBXSourcesBuildPhase;
			buildActionMask = 2147483647;
			files = (
				30AA07431A48A6E000CE044C /* ViewController.swift in Sources */,
				30AA07411A48A6E000CE044C /* AppDelegate.swift in Sources */,
			);
			runOnlyForDeploymentPostprocessing = 0;
		};
		30AA074C1A48A6E000CE044C /* Sources */ = {
			isa = PBXSourcesBuildPhase;
			buildActionMask = 2147483647;
			files = (
				30AA07571A48A6E000CE044C /* BullsEyeTests.swift in Sources */,
			);
			runOnlyForDeploymentPostprocessing = 0;
		};
/* End PBXSourcesBuildPhase section */

/* Begin PBXTargetDependency section */
		30AA07521A48A6E000CE044C /* PBXTargetDependency */ = {
			isa = PBXTargetDependency;
			target = 30AA073A1A48A6E000CE044C /* BullsEye */;
			targetProxy = 30AA07511A48A6E000CE044C /* PBXContainerItemProxy */;
		};
/* End PBXTargetDependency section */

/* Begin PBXVariantGroup section */
		30AA07441A48A6E000CE044C /* Main.storyboard */ = {
			isa = PBXVariantGroup;
			children = (
				30AA07451A48A6E000CE044C /* Base */,
			);
			name = Main.storyboard;
			sourceTree = "<group>";
		};
		30AA07491A48A6E000CE044C /* LaunchScreen.xib */ = {
			isa = PBXVariantGroup;
			children = (
				30AA074A1A48A6E000CE044C /* Base */,
			);
			name = LaunchScreen.xib;
			sourceTree = "<group>";
		};
/* End PBXVariantGroup section */

/* Begin XCBuildConfiguration section */
		30AA07581A48A6E000CE044C /* Debug */ = {
			isa = XCBuildConfiguration;
			buildSettings = {
				ALWAYS_SEARCH_USER_PATHS = NO;
				CLANG_CXX_LANGUAGE_STANDARD = "gnu++0x";
				CLANG_CXX_LIBRARY = "libc++";
				CLANG_ENABLE_MODULES = YES;
				CLANG_ENABLE_OBJC_ARC = YES;
				CLANG_WARN_BOOL_CONVERSION = YES;
				CLANG_WARN_CONSTANT_CONVERSION = YES;
				CLANG_WARN_DIRECT_OBJC_ISA_USAGE = YES_ERROR;
				CLANG_WARN_EMPTY_BODY = YES;
				CLANG_WARN_ENUM_CONVERSION = YES;
				CLANG_WARN_INT_CONVERSION = YES;
				CLANG_WARN_OBJC_ROOT_CLASS = YES_ERROR;
				CLANG_WARN_UNREACHABLE_CODE = YES;
				CLANG_WARN__DUPLICATE_METHOD_MATCH = YES;
				"CODE_SIGN_IDENTITY[sdk=iphoneos*]" = "iPhone Developer";
				COPY_PHASE_STRIP = NO;
				ENABLE_STRICT_OBJC_MSGSEND = YES;
				GCC_C_LANGUAGE_STANDARD = gnu99;
				GCC_DYNAMIC_NO_PIC = NO;
				GCC_OPTIMIZATION_LEVEL = 0;
				GCC_PREPROCESSOR_DEFINITIONS = (
					"DEBUG=1",
					"$(inherited)",
				);
				GCC_SYMBOLS_PRIVATE_EXTERN = NO;
				GCC_WARN_64_TO_32_BIT_CONVERSION = YES;
				GCC_WARN_ABOUT_RETURN_TYPE = YES_ERROR;
				GCC_WARN_UNDECLARED_SELECTOR = YES;
				GCC_WARN_UNINITIALIZED_AUTOS = YES_AGGRESSIVE;
				GCC_WARN_UNUSED_FUNCTION = YES;
				GCC_WARN_UNUSED_VARIABLE = YES;
				IPHONEOS_DEPLOYMENT_TARGET = 8.1;
				MTL_ENABLE_DEBUG_INFO = YES;
				ONLY_ACTIVE_ARCH = YES;
				SDKROOT = iphoneos;
				SWIFT_OPTIMIZATION_LEVEL = "-Onone";
			};
			name = Debug;
		};
		30AA07591A48A6E000CE044C /* Release */ = {
			isa = XCBuildConfiguration;
			buildSettings = {
				ALWAYS_SEARCH_USER_PATHS = NO;
				CLANG_CXX_LANGUAGE_STANDARD = "gnu++0x";
				CLANG_CXX_LIBRARY = "libc++";
				CLANG_ENABLE_MODULES = YES;
				CLANG_ENABLE_OBJC_ARC = YES;
				CLANG_WARN_BOOL_CONVERSION = YES;
				CLANG_WARN_CONSTANT_CONVERSION = YES;
				CLANG_WARN_DIRECT_OBJC_ISA_USAGE = YES_ERROR;
				CLANG_WARN_EMPTY_BODY = YES;
				CLANG_WARN_ENUM_CONVERSION = YES;
				CLANG_WARN_INT_CONVERSION = YES;
				CLANG_WARN_OBJC_ROOT_CLASS = YES_ERROR;
				CLANG_WARN_UNREACHABLE_CODE = YES;
				CLANG_WARN__DUPLICATE_METHOD_MATCH = YES;
				"CODE_SIGN_IDENTITY[sdk=iphoneos*]" = "iPhone Developer";
				COPY_PHASE_STRIP = YES;
				ENABLE_NS_ASSERTIONS = NO;
				ENABLE_STRICT_OBJC_MSGSEND = YES;
				GCC_C_LANGUAGE_STANDARD = gnu99;
				GCC_WARN_64_TO_32_BIT_CONVERSION = YES;
				GCC_WARN_ABOUT_RETURN_TYPE = YES_ERROR;
				GCC_WARN_UNDECLARED_SELECTOR = YES;
				GCC_WARN_UNINITIALIZED_AUTOS = YES_AGGRESSIVE;
				GCC_WARN_UNUSED_FUNCTION = YES;
				GCC_WARN_UNUSED_VARIABLE = YES;
				IPHONEOS_DEPLOYMENT_TARGET = 8.1;
				MTL_ENABLE_DEBUG_INFO = NO;
				SDKROOT = iphoneos;
				VALIDATE_PRODUCT = YES;
			};
			name = Release;
		};
		30AA075B1A48A6E000CE044C /* Debug */ = {
			isa = XCBuildConfiguration;
			buildSettings = {
				ASSETCATALOG_COMPILER_APPICON_NAME = AppIcon;
				INFOPLIST_FILE = BullsEye/Info.plist;
				IPHONEOS_DEPLOYMENT_TARGET = 8.0;
				LD_RUNPATH_SEARCH_PATHS = "$(inherited) @executable_path/Frameworks";
				PRODUCT_NAME = "$(TARGET_NAME)";
			};
			name = Debug;
		};
		30AA075C1A48A6E000CE044C /* Release */ = {
			isa = XCBuildConfiguration;
			buildSettings = {
				ASSETCATALOG_COMPILER_APPICON_NAME = AppIcon;
				INFOPLIST_FILE = BullsEye/Info.plist;
				IPHONEOS_DEPLOYMENT_TARGET = 8.0;
				LD_RUNPATH_SEARCH_PATHS = "$(inherited) @executable_path/Frameworks";
				PRODUCT_NAME = "$(TARGET_NAME)";
			};
			name = Release;
		};
		30AA075E1A48A6E000CE044C /* Debug */ = {
			isa = XCBuildConfiguration;
			buildSettings = {
				BUNDLE_LOADER = "$(TEST_HOST)";
				FRAMEWORK_SEARCH_PATHS = (
					"$(SDKROOT)/Developer/Library/Frameworks",
					"$(inherited)",
				);
				GCC_PREPROCESSOR_DEFINITIONS = (
					"DEBUG=1",
					"$(inherited)",
				);
				INFOPLIST_FILE = BullsEyeTests/Info.plist;
				LD_RUNPATH_SEARCH_PATHS = "$(inherited) @executable_path/Frameworks @loader_path/Frameworks";
				PRODUCT_NAME = "$(TARGET_NAME)";
				TEST_HOST = "$(BUILT_PRODUCTS_DIR)/BullsEye.app/BullsEye";
			};
			name = Debug;
		};
		30AA075F1A48A6E000CE044C /* Release */ = {
			isa = XCBuildConfiguration;
			buildSettings = {
				BUNDLE_LOADER = "$(TEST_HOST)";
				FRAMEWORK_SEARCH_PATHS = (
					"$(SDKROOT)/Developer/Library/Frameworks",
					"$(inherited)",
				);
				INFOPLIST_FILE = BullsEyeTests/Info.plist;
				LD_RUNPATH_SEARCH_PATHS = "$(inherited) @executable_path/Frameworks @loader_path/Frameworks";
				PRODUCT_NAME = "$(TARGET_NAME)";
				TEST_HOST = "$(BUILT_PRODUCTS_DIR)/BullsEye.app/BullsEye";
			};
			name = Release;
		};
/* End XCBuildConfiguration section */

/* Begin XCConfigurationList section */
		30AA07361A48A6E000CE044C /* Build configuration list for PBXProject "BullsEye" */ = {
			isa = XCConfigurationList;
			buildConfigurations = (
				30AA07581A48A6E000CE044C /* Debug */,
				30AA07591A48A6E000CE044C /* Release */,
			);
			defaultConfigurationIsVisible = 0;
			defaultConfigurationName = Release;
		};
		30AA075A1A48A6E000CE044C /* Build configuration list for PBXNativeTarget "BullsEye" */ = {
			isa = XCConfigurationList;
			buildConfigurations = (
				30AA075B1A48A6E000CE044C /* Debug */,
				30AA075C1A48A6E000CE044C /* Release */,
			);
			defaultConfigurationIsVisible = 0;
		};
		30AA075D1A48A6E000CE044C /* Build configuration list for PBXNativeTarget "BullsEyeTests" */ = {
			isa = XCConfigurationList;
			buildConfigurations = (
				30AA075E1A48A6E000CE044C /* Debug */,
				30AA075F1A48A6E000CE044C /* Release */,
			);
			defaultConfigurationIsVisible = 0;
		};
/* End XCConfigurationList section */
	};
	rootObject = 30AA07331A48A6E000CE044C /* Project object */;
}
